{
  "requires": true,
  "lockfileVersion": 1,
  "dependencies": {
    "vue-select": {
      "version": "3.1.0",
      "resolved": "https://registry.npmjs.org/vue-select/-/vue-select-3.1.0.tgz",
      "integrity": "sha512-DDC4W3s/wLlJ/oeR7tqwaN+Fw9CXQc4zNnOD8Lr8J2cyWgQOWnHuYAUvpGrWIt7PRea4jSu6quixEv5yTInpuQ=="
    }
  }
}
